
Microsoft Visual Studio Solution File, Format Version 12.00
# Visual Studio Version 16
VisualStudioVersion = 16.0.30804.86
MinimumVisualStudioVersion = 10.0.40219.1
Project("{FAE04EC0-301F-11D3-BF4B-00C04F79EFBC}") = "DesignPrinciples", "DesignPrinciples\DesignPrinciples.csproj", "{9CB1CB6F-D7B9-4371-A4C2-FECA7D17F964}"
EndProject
Global
	GlobalSection(SolutionConfigurationPlatforms) = preSolution
		Debug|Any CPU = Debug|Any CPU
		Release|Any CPU = Release|Any CPU
	EndGlobalSection
	GlobalSection(ProjectConfigurationPlatforms) = postSolution
		{9CB1CB6F-D7B9-4371-A4C2-FECA7D17F964}.Debug|Any CPU.ActiveCfg = Debug|Any CPU
		{9CB1CB6F-D7B9-4371-A4C2-FECA7D17F964}.Debug|Any CPU.Build.0 = Debug|Any CPU
		{9CB1CB6F-D7B9-4371-A4C2-FECA7D17F964}.Release|Any CPU.ActiveCfg = Release|Any CPU
		{9CB1CB6F-D7B9-4371-A4C2-FECA7D17F964}.Release|Any CPU.Build.0 = Release|Any CPU
	EndGlobalSection
	GlobalSection(SolutionProperties) = preSolution
		HideSolutionNode = FALSE
	EndGlobalSection
	GlobalSection(ExtensibilityGlobals) = postSolution
		SolutionGuid = {D0712F7B-A27B-4AE7-AA74-D471AA47E92D}
	EndGlobalSection
EndGlobal
